<Solution>
  <Folder Name="/Files/">
    <File Path="README.md" />
  </Folder>
  <Project Path="Build/_build.csproj">
    <Build Project="false" />
  </Project>
  <Project Path="MyPackage.ApiVerificationTests/MyPackage.ApiVerificationTests.csproj" />
  <Project Path="MyPackage.Specs/MyPackage.Specs.csproj" />
  <Project Path="MyPackage/MyPackage.csproj" />
</Solution>
